
Microsoft Visual Studio Solution File, Format Version 12.00
# Visual Studio Version 16
VisualStudioVersion = 16.0.30804.86
MinimumVisualStudioVersion = 10.0.40219.1
Project("{FAE04EC0-301F-11D3-BF4B-00C04F79EFBC}") = "Firenet", "Firenet\Firenet.csproj", "{D73E6BD6-5184-4127-9CEE-8BE51AC0F78C}"
EndProject
Global
	GlobalSection(SolutionConfigurationPlatforms) = preSolution
		Debug|Any CPU = Debug|Any CPU
		Release|Any CPU = Release|Any CPU
	EndGlobalSection
	GlobalSection(ProjectConfigurationPlatforms) = postSolution
		{D73E6BD6-5184-4127-9CEE-8BE51AC0F78C}.Debug|Any CPU.ActiveCfg = Debug|Any CPU
		{D73E6BD6-5184-4127-9CEE-8BE51AC0F78C}.Debug|Any CPU.Build.0 = Debug|Any CPU
		{D73E6BD6-5184-4127-9CEE-8BE51AC0F78C}.Release|Any CPU.ActiveCfg = Release|Any CPU
		{D73E6BD6-5184-4127-9CEE-8BE51AC0F78C}.Release|Any CPU.Build.0 = Release|Any CPU
	EndGlobalSection
	GlobalSection(SolutionProperties) = preSolution
		HideSolutionNode = FALSE
	EndGlobalSection
	GlobalSection(ExtensibilityGlobals) = postSolution
		SolutionGuid = {6387433D-2936-47C3-8C77-62ADCE3BF1E7}
	EndGlobalSection
EndGlobal
